// !$*UTF8*$!
{
	archiveVersion = 1;
	classes = {
	};
	objectVersion = 50;
	objects = {

/* Begin PBXBuildFile section */
		48E3A28F25B95CC8003AD8D2 /* AppDelegate.swift in Sources */ = {isa = PBXBuildFile; fileRef = 48E3A28E25B95CC8003AD8D2 /* AppDelegate.swift */; };
		48E3A29125B95CC8003AD8D2 /* SceneDelegate.swift in Sources */ = {isa = PBXBuildFile; fileRef = 48E3A29025B95CC8003AD8D2 /* SceneDelegate.swift */; };
		48E3A29325B95CC8003AD8D2 /* RecordSampleViewController.swift in Sources */ = {isa = PBXBuildFile; fileRef = 48E3A29225B95CC8003AD8D2 /* RecordSampleViewController.swift */; };
		48E3A29625B95CC8003AD8D2 /* Main.storyboard in Resources */ = {isa = PBXBuildFile; fileRef = 48E3A29425B95CC8003AD8D2 /* Main.storyboard */; };
		48E3A29825B95CCB003AD8D2 /* Assets.xcassets in Resources */ = {isa = PBXBuildFile; fileRef = 48E3A29725B95CCB003AD8D2 /* Assets.xcassets */; };
		48E3A29B25B95CCB003AD8D2 /* LaunchScreen.storyboard in Resources */ = {isa = PBXBuildFile; fileRef = 48E3A29925B95CCB003AD8D2 /* LaunchScreen.storyboard */; };
/* End PBXBuildFile section */

/* Begin PBXFileReference section */
		48E3A28B25B95CC8003AD8D2 /* VoiceSampleMaker.app */ = {isa = PBXFileReference; explicitFileType = wrapper.application; includeInIndex = 0; path = VoiceSampleMaker.app; sourceTree = BUILT_PRODUCTS_DIR; };
		48E3A28E25B95CC8003AD8D2 /* AppDelegate.swift */ = {isa = PBXFileReference; lastKnownFileType = sourcecode.swift; path = AppDelegate.swift; sourceTree = "<group>"; };
		48E3A29025B95CC8003AD8D2 /* SceneDelegate.swift */ = {isa = PBXFileReference; lastKnownFileType = sourcecode.swift; path = SceneDelegate.swift; sourceTree = "<group>"; };
		48E3A29225B95CC8003AD8D2 /* RecordSampleViewController.swift */ = {isa = PBXFileReference; lastKnownFileType = sourcecode.swift; path = RecordSampleViewController.swift; sourceTree = "<group>"; };
		48E3A29525B95CC8003AD8D2 /* Base */ = {isa = PBXFileReference; lastKnownFileType = file.storyboard; name = Base; path = Base.lproj/Main.storyboard; sourceTree = "<group>"; };
		48E3A29725B95CCB003AD8D2 /* Assets.xcassets */ = {isa = PBXFileReference; lastKnownFileType = folder.assetcatalog; path = Assets.xcassets; sourceTree = "<group>"; };
		48E3A29A25B95CCB003AD8D2 /* Base */ = {isa = PBXFileReference; lastKnownFileType = file.storyboard; name = Base; path = Base.lproj/LaunchScreen.storyboard; sourceTree = "<group>"; };
		48E3A29C25B95CCB003AD8D2 /* Info.plist */ = {isa = PBXFileReference; lastKnownFileType = text.plist.xml; path = Info.plist; sourceTree = "<group>"; };
/* End PBXFileReference section */

/* Begin PBXFrameworksBuildPhase section */
		48E3A28825B95CC8003AD8D2 /* Frameworks */ = {
			isa = PBXFrameworksBuildPhase;
			buildActionMask = 2147483647;
			files = (
			);
			runOnlyForDeploymentPostprocessing = 0;
		};
/* End PBXFrameworksBuildPhase section */

/* Begin PBXGroup section */
		48E3A28225B95CC8003AD8D2 = {
			isa = PBXGroup;
			children = (
				48E3A28D25B95CC8003AD8D2 /* VoiceSampleMaker */,
				48E3A28C25B95CC8003AD8D2 /* Products */,
			);
			sourceTree = "<group>";
		};
		48E3A28C25B95CC8003AD8D2 /* Products */ = {
			isa = PBXGroup;
			children = (
				48E3A28B25B95CC8003AD8D2 /* VoiceSampleMaker.app */,
			);
			name = Products;
			sourceTree = "<group>";
		};
		48E3A28D25B95CC8003AD8D2 /* VoiceSampleMaker */ = {
			isa = PBXGroup;
			children = (
				48E3A28E25B95CC8003AD8D2 /* AppDelegate.swift */,
				48E3A29025B95CC8003AD8D2 /* SceneDelegate.swift */,
				48E3A29225B95CC8003AD8D2 /* RecordSampleViewController.swift */,
				48E3A29425B95CC8003AD8D2 /* Main.storyboard */,
				48E3A29725B95CCB003AD8D2 /* Assets.xcassets */,
				48E3A29925B95CCB003AD8D2 /* LaunchScreen.storyboard */,
				48E3A29C25B95CCB003AD8D2 /* Info.plist */,
			);
			path = VoiceSampleMaker;
			sourceTree = "<group>";
		};
/* End PBXGroup section */

/* Begin PBXNativeTarget section */
		48E3A28A25B95CC8003AD8D2 /* VoiceSampleMaker */ = {
			isa = PBXNativeTarget;
			buildConfigurationList = 48E3A29F25B95CCB003AD8D2 /* Build configuration list for PBXNativeTarget "VoiceSampleMaker" */;
			buildPhases = (
				48E3A28725B95CC8003AD8D2 /* Sources */,
				48E3A28825B95CC8003AD8D2 /* Frameworks */,
				48E3A28925B95CC8003AD8D2 /* Resources */,
			);
			buildRules = (
			);
			dependencies = (
			);
			name = VoiceSampleMaker;
			productName = VoiceSampleMaker;
			productReference = 48E3A28B25B95CC8003AD8D2 /* VoiceSampleMaker.app */;
			productType = "com.apple.product-type.application";
		};
/* End PBXNativeTarget section */

/* Begin PBXProject section */
		48E3A28325B95CC8003AD8D2 /* Project object */ = {
			isa = PBXProject;
			attributes = {
				LastSwiftUpdateCheck = 1230;
				LastUpgradeCheck = 1230;
				TargetAttributes = {
					48E3A28A25B95CC8003AD8D2 = {
						CreatedOnToolsVersion = 12.3;
					};
				};
			};
			buildConfigurationList = 48E3A28625B95CC8003AD8D2 /* Build configuration list for PBXProject "VoiceSampleMaker" */;
			compatibilityVersion = "Xcode 9.3";
			developmentRegion = en;
			hasScannedForEncodings = 0;
			knownRegions = (
				en,
				Base,
			);
			mainGroup = 48E3A28225B95CC8003AD8D2;
			productRefGroup = 48E3A28C25B95CC8003AD8D2 /* Products */;
			projectDirPath = "";
			projectRoot = "";
			targets = (
				48E3A28A25B95CC8003AD8D2 /* VoiceSampleMaker */,
			);
		};
/* End PBXProject section */

/* Begin PBXResourcesBuildPhase section */
		48E3A28925B95CC8003AD8D2 /* Resources */ = {
			isa = PBXResourcesBuildPhase;
			buildActionMask = 2147483647;
			files = (
				48E3A29B25B95CCB003AD8D2 /* LaunchScreen.storyboard in Resources */,
				48E3A29825B95CCB003AD8D2 /* Assets.xcassets in Resources */,
				48E3A29625B95CC8003AD8D2 /* Main.storyboard in Resources */,
			);
			runOnlyForDeploymentPostprocessing = 0;
		};
/* End PBXResourcesBuildPhase section */

/* Begin PBXSourcesBuildPhase section */
		48E3A28725B95CC8003AD8D2 /* Sources */ = {
			isa = PBXSourcesBuildPhase;
			buildActionMask = 2147483647;
			files = (
				48E3A29325B95CC8003AD8D2 /* RecordSampleViewController.swift in Sources */,
				48E3A28F25B95CC8003AD8D2 /* AppDelegate.swift in Sources */,
				48E3A29125B95CC8003AD8D2 /* SceneDelegate.swift in Sources */,
			);
			runOnlyForDeploymentPostprocessing = 0;
		};
/* End PBXSourcesBuildPhase section */

/* Begin PBXVariantGroup section */
		48E3A29425B95CC8003AD8D2 /* Main.storyboard */ = {
			isa = PBXVariantGroup;
			children = (
				48E3A29525B95CC8003AD8D2 /* Base */,
			);
			name = Main.storyboard;
			sourceTree = "<group>";
		};
		48E3A29925B95CCB003AD8D2 /* LaunchScreen.storyboard */ = {
			isa = PBXVariantGroup;
			children = (
				48E3A29A25B95CCB003AD8D2 /* Base */,
			);
			name = LaunchScreen.storyboard;
			sourceTree = "<group>";
		};
/* End PBXVariantGroup section */

/* Begin XCBuildConfiguration section */
		48E3A29D25B95CCB003AD8D2 /* Debug */ = {
			isa = XCBuildConfiguration;
			buildSettings = {
				ALWAYS_SEARCH_USER_PATHS = NO;
				CLANG_ANALYZER_NONNULL = YES;
				CLANG_ANALYZER_NUMBER_OBJECT_CONVERSION = YES_AGGRESSIVE;
				CLANG_CXX_LANGUAGE_STANDARD = "gnu++14";
				CLANG_CXX_LIBRARY = "libc++";
				CLANG_ENABLE_MODULES = YES;
				CLANG_ENABLE_OBJC_ARC = YES;
				CLANG_ENABLE_OBJC_WEAK = YES;
				CLANG_WARN_BLOCK_CAPTURE_AUTORELEASING = YES;
				CLANG_WARN_BOOL_CONVERSION = YES;
				CLANG_WARN_COMMA = YES;
				CLANG_WARN_CONSTANT_CONVERSION = YES;
				CLANG_WARN_DEPRECATED_OBJC_IMPLEMENTATIONS = YES;
				CLANG_WARN_DIRECT_OBJC_ISA_USAGE = YES_ERROR;
				CLANG_WARN_DOCUMENTATION_COMMENTS = YES;
				CLANG_WARN_EMPTY_BODY = YES;
				CLANG_WARN_ENUM_CONVERSION = YES;
				CLANG_WARN_INFINITE_RECURSION = YES;
				CLANG_WARN_INT_CONVERSION = YES;
				CLANG_WARN_NON_LITERAL_NULL_CONVERSION = YES;
				CLANG_WARN_OBJC_IMPLICIT_RETAIN_SELF = YES;
				CLANG_WARN_OBJC_LITERAL_CONVERSION = YES;
				CLANG_WARN_OBJC_ROOT_CLASS = YES_ERROR;
				CLANG_WARN_QUOTED_INCLUDE_IN_FRAMEWORK_HEADER = YES;
				CLANG_WARN_RANGE_LOOP_ANALYSIS = YES;
				CLANG_WARN_STRICT_PROTOTYPES = YES;
				CLANG_WARN_SUSPICIOUS_MOVE = YES;
				CLANG_WARN_UNGUARDED_AVAILABILITY = YES_AGGRESSIVE;
				CLANG_WARN_UNREACHABLE_CODE = YES;
				CLANG_WARN__DUPLICATE_METHOD_MATCH = YES;
				COPY_PHASE_STRIP = NO;
				DEBUG_INFORMATION_FORMAT = dwarf;
				ENABLE_STRICT_OBJC_MSGSEND = YES;
				ENABLE_TESTABILITY = YES;
				GCC_C_LANGUAGE_STANDARD = gnu11;
				GCC_DYNAMIC_NO_PIC = NO;
				GCC_NO_COMMON_BLOCKS = YES;
				GCC_OPTIMIZATION_LEVEL = 0;
				GCC_PREPROCESSOR_DEFINITIONS = (
					"DEBUG=1",
					"$(inherited)",
				);
				GCC_WARN_64_TO_32_BIT_CONVERSION = YES;
				GCC_WARN_ABOUT_RETURN_TYPE = YES_ERROR;
				GCC_WARN_UNDECLARED_SELECTOR = YES;
				GCC_WARN_UNINITIALIZED_AUTOS = YES_AGGRESSIVE;
				GCC_WARN_UNUSED_FUNCTION = YES;
				GCC_WARN_UNUSED_VARIABLE = YES;
				IPHONEOS_DEPLOYMENT_TARGET = 14.3;
				MTL_ENABLE_DEBUG_INFO = INCLUDE_SOURCE;
				MTL_FAST_MATH = YES;
				ONLY_ACTIVE_ARCH = YES;
				SDKROOT = iphoneos;
				SWIFT_ACTIVE_COMPILATION_CONDITIONS = DEBUG;
				SWIFT_OPTIMIZATION_LEVEL = "-Onone";
			};
			name = Debug;
		};
		48E3A29E25B95CCB003AD8D2 /* Release */ = {
			isa = XCBuildConfiguration;
			buildSettings = {
				ALWAYS_SEARCH_USER_PATHS = NO;
				CLANG_ANALYZER_NONNULL = YES;
				CLANG_ANALYZER_NUMBER_OBJECT_CONVERSION = YES_AGGRESSIVE;
				CLANG_CXX_LANGUAGE_STANDARD = "gnu++14";
				CLANG_CXX_LIBRARY = "libc++";
				CLANG_ENABLE_MODULES = YES;
				CLANG_ENABLE_OBJC_ARC = YES;
				CLANG_ENABLE_OBJC_WEAK = YES;
				CLANG_WARN_BLOCK_CAPTURE_AUTORELEASING = YES;
				CLANG_WARN_BOOL_CONVERSION = YES;
				CLANG_WARN_COMMA = YES;
				CLANG_WARN_CONSTANT_CONVERSION = YES;
				CLANG_WARN_DEPRECATED_OBJC_IMPLEMENTATIONS = YES;
				CLANG_WARN_DIRECT_OBJC_ISA_USAGE = YES_ERROR;
				CLANG_WARN_DOCUMENTATION_COMMENTS = YES;
				CLANG_WARN_EMPTY_BODY = YES;
				CLANG_WARN_ENUM_CONVERSION = YES;
				CLANG_WARN_INFINITE_RECURSION = YES;
				CLANG_WARN_INT_CONVERSION = YES;
				CLANG_WARN_NON_LITERAL_NULL_CONVERSION = YES;
				CLANG_WARN_OBJC_IMPLICIT_RETAIN_SELF = YES;
				CLANG_WARN_OBJC_LITERAL_CONVERSION = YES;
				CLANG_WARN_OBJC_ROOT_CLASS = YES_ERROR;
				CLANG_WARN_QUOTED_INCLUDE_IN_FRAMEWORK_HEADER = YES;
				CLANG_WARN_RANGE_LOOP_ANALYSIS = YES;
				CLANG_WARN_STRICT_PROTOTYPES = YES;
				CLANG_WARN_SUSPICIOUS_MOVE = YES;
				CLANG_WARN_UNGUARDED_AVAILABILITY = YES_AGGRESSIVE;
				CLANG_WARN_UNREACHABLE_CODE = YES;
				CLANG_WARN__DUPLICATE_METHOD_MATCH = YES;
				COPY_PHASE_STRIP = NO;
				DEBUG_INFORMATION_FORMAT = "dwarf-with-dsym";
				ENABLE_NS_ASSERTIONS = NO;
				ENABLE_STRICT_OBJC_MSGSEND = YES;
				GCC_C_LANGUAGE_STANDARD = gnu11;
				GCC_NO_COMMON_BLOCKS = YES;
				GCC_WARN_64_TO_32_BIT_CONVERSION = YES;
				GCC_WARN_ABOUT_RETURN_TYPE = YES_ERROR;
				GCC_WARN_UNDECLARED_SELECTOR = YES;
				GCC_WARN_UNINITIALIZED_AUTOS = YES_AGGRESSIVE;
				GCC_WARN_UNUSED_FUNCTION = YES;
				GCC_WARN_UNUSED_VARIABLE = YES;
				IPHONEOS_DEPLOYMENT_TARGET = 14.3;
				MTL_ENABLE_DEBUG_INFO = NO;
				MTL_FAST_MATH = YES;
				SDKROOT = iphoneos;
				SWIFT_COMPILATION_MODE = wholemodule;
				SWIFT_OPTIMIZATION_LEVEL = "-O";
				VALIDATE_PRODUCT = YES;
			};
			name = Release;
		};
		48E3A2A025B95CCB003AD8D2 /* Debug */ = {
			isa = XCBuildConfiguration;
			buildSettings = {
				ASSETCATALOG_COMPILER_APPICON_NAME = AppIcon;
				ASSETCATALOG_COMPILER_GLOBAL_ACCENT_COLOR_NAME = AccentColor;
				CODE_SIGN_STYLE = Automatic;
				DEVELOPMENT_TEAM = 5RY865YBCC;
				INFOPLIST_FILE = VoiceSampleMaker/Info.plist;
				LD_RUNPATH_SEARCH_PATHS = (
					"$(inherited)",
					"@executable_path/Frameworks",
				);
				PRODUCT_BUNDLE_IDENTIFIER = com.gmail.beats.jomni.VoiceSampleMaker;
				PRODUCT_NAME = "$(TARGET_NAME)";
				SWIFT_VERSION = 5.0;
				TARGETED_DEVICE_FAMILY = "1,2";
			};
			name = Debug;
		};
		48E3A2A125B95CCB003AD8D2 /* Release */ = {
			isa = XCBuildConfiguration;
			buildSettings = {
				ASSETCATALOG_COMPILER_APPICON_NAME = AppIcon;
				ASSETCATALOG_COMPILER_GLOBAL_ACCENT_COLOR_NAME = AccentColor;
				CODE_SIGN_STYLE = Automatic;
				DEVELOPMENT_TEAM = 5RY865YBCC;
				INFOPLIST_FILE = VoiceSampleMaker/Info.plist;
				LD_RUNPATH_SEARCH_PATHS = (
					"$(inherited)",
					"@executable_path/Frameworks",
				);
				PRODUCT_BUNDLE_IDENTIFIER = com.gmail.beats.jomni.VoiceSampleMaker;
				PRODUCT_NAME = "$(TARGET_NAME)";
				SWIFT_VERSION = 5.0;
				TARGETED_DEVICE_FAMILY = "1,2";
			};
			name = Release;
		};
/* End XCBuildConfiguration section */

/* Begin XCConfigurationList section */
		48E3A28625B95CC8003AD8D2 /* Build configuration list for PBXProject "VoiceSampleMaker" */ = {
			isa = XCConfigurationList;
			buildConfigurations = (
				48E3A29D25B95CCB003AD8D2 /* Debug */,
				48E3A29E25B95CCB003AD8D2 /* Release */,
			);
			defaultConfigurationIsVisible = 0;
			defaultConfigurationName = Release;
		};
		48E3A29F25B95CCB003AD8D2 /* Build configuration list for PBXNativeTarget "VoiceSampleMaker" */ = {
			isa = XCConfigurationList;
			buildConfigurations = (
				48E3A2A025B95CCB003AD8D2 /* Debug */,
				48E3A2A125B95CCB003AD8D2 /* Release */,
			);
			defaultConfigurationIsVisible = 0;
			defaultConfigurationName = Release;
		};
/* End XCConfigurationList section */
	};
	rootObject = 48E3A28325B95CC8003AD8D2 /* Project object */;
}
